// !$*UTF8*$!
{
	archiveVersion = 1;
	classes = {
	};
	objectVersion = 56;
	objects = {

/* Begin PBXBuildFile section */
		3B60BC2928E60BB600E5EE6C /* File_EncryptorApp.swift in Sources */ = {isa = PBXBuildFile; fileRef = 3B60BC2828E60BB600E5EE6C /* File_EncryptorApp.swift */; };
		3B60BC2B28E60BB600E5EE6C /* ContentView.swift in Sources */ = {isa = PBXBuildFile; fileRef = 3B60BC2A28E60BB600E5EE6C /* ContentView.swift */; };
		3B60BC2D28E60BB800E5EE6C /* Assets.xcassets in Resources */ = {isa = PBXBuildFile; fileRef = 3B60BC2C28E60BB800E5EE6C /* Assets.xcassets */; };
		3B60BC3028E60BB800E5EE6C /* Preview Assets.xcassets in Resources */ = {isa = PBXBuildFile; fileRef = 3B60BC2F28E60BB800E5EE6C /* Preview Assets.xcassets */; };
		3BC9D30528F3465800B59808 /* KeyManager.swift in Sources */ = {isa = PBXBuildFile; fileRef = 3BC9D30428F3465800B59808 /* KeyManager.swift */; };
		3BC9D30928F3503B00B59808 /* FileCipherViewModel.swift in Sources */ = {isa = PBXBuildFile; fileRef = 3BC9D30828F3503B00B59808 /* FileCipherViewModel.swift */; };
		3BC9D30B28F350C600B59808 /* Cipher.swift in Sources */ = {isa = PBXBuildFile; fileRef = 3BC9D30A28F350C600B59808 /* Cipher.swift */; };
/* End PBXBuildFile section */

/* Begin PBXFileReference section */
		3B60BC2528E60BB600E5EE6C /* File Encryptor.app */ = {isa = PBXFileReference; explicitFileType = wrapper.application; includeInIndex = 0; path = "File Encryptor.app"; sourceTree = BUILT_PRODUCTS_DIR; };
		3B60BC2828E60BB600E5EE6C /* File_EncryptorApp.swift */ = {isa = PBXFileReference; lastKnownFileType = sourcecode.swift; path = File_EncryptorApp.swift; sourceTree = "<group>"; };
		3B60BC2A28E60BB600E5EE6C /* ContentView.swift */ = {isa = PBXFileReference; lastKnownFileType = sourcecode.swift; path = ContentView.swift; sourceTree = "<group>"; };
		3B60BC2C28E60BB800E5EE6C /* Assets.xcassets */ = {isa = PBXFileReference; lastKnownFileType = folder.assetcatalog; path = Assets.xcassets; sourceTree = "<group>"; };
		3B60BC2F28E60BB800E5EE6C /* Preview Assets.xcassets */ = {isa = PBXFileReference; lastKnownFileType = folder.assetcatalog; path = "Preview Assets.xcassets"; sourceTree = "<group>"; };
		3B60BC3128E60BB800E5EE6C /* File_Encryptor.entitlements */ = {isa = PBXFileReference; lastKnownFileType = text.plist.entitlements; path = File_Encryptor.entitlements; sourceTree = "<group>"; };
		3BC9D30428F3465800B59808 /* KeyManager.swift */ = {isa = PBXFileReference; lastKnownFileType = sourcecode.swift; path = KeyManager.swift; sourceTree = "<group>"; };
		3BC9D30828F3503B00B59808 /* FileCipherViewModel.swift */ = {isa = PBXFileReference; lastKnownFileType = sourcecode.swift; path = FileCipherViewModel.swift; sourceTree = "<group>"; };
		3BC9D30A28F350C600B59808 /* Cipher.swift */ = {isa = PBXFileReference; lastKnownFileType = sourcecode.swift; path = Cipher.swift; sourceTree = "<group>"; };
/* End PBXFileReference section */

/* Begin PBXFrameworksBuildPhase section */
		3B60BC2228E60BB600E5EE6C /* Frameworks */ = {
			isa = PBXFrameworksBuildPhase;
			buildActionMask = 2147483647;
			files = (
			);
			runOnlyForDeploymentPostprocessing = 0;
		};
/* End PBXFrameworksBuildPhase section */

/* Begin PBXGroup section */
		3B60BC1C28E60BB600E5EE6C = {
			isa = PBXGroup;
			children = (
				3B60BC2728E60BB600E5EE6C /* File Encryptor */,
				3B60BC2628E60BB600E5EE6C /* Products */,
			);
			sourceTree = "<group>";
		};
		3B60BC2628E60BB600E5EE6C /* Products */ = {
			isa = PBXGroup;
			children = (
				3B60BC2528E60BB600E5EE6C /* File Encryptor.app */,
			);
			name = Products;
			sourceTree = "<group>";
		};
		3B60BC2728E60BB600E5EE6C /* File Encryptor */ = {
			isa = PBXGroup;
			children = (
				3BC9D30728F34FBC00B59808 /* Views */,
				3BC9D30628F34FB400B59808 /* ViewModels */,
				3BC9D30328F3464600B59808 /* Models */,
				3B60BC2828E60BB600E5EE6C /* File_EncryptorApp.swift */,
				3B60BC2C28E60BB800E5EE6C /* Assets.xcassets */,
				3B60BC3128E60BB800E5EE6C /* File_Encryptor.entitlements */,
				3B60BC2E28E60BB800E5EE6C /* Preview Content */,
			);
			path = "File Encryptor";
			sourceTree = "<group>";
		};
		3B60BC2E28E60BB800E5EE6C /* Preview Content */ = {
			isa = PBXGroup;
			children = (
				3B60BC2F28E60BB800E5EE6C /* Preview Assets.xcassets */,
			);
			path = "Preview Content";
			sourceTree = "<group>";
		};
		3BC9D30328F3464600B59808 /* Models */ = {
			isa = PBXGroup;
			children = (
				3BC9D30428F3465800B59808 /* KeyManager.swift */,
				3BC9D30A28F350C600B59808 /* Cipher.swift */,
			);
			path = Models;
			sourceTree = "<group>";
		};
		3BC9D30628F34FB400B59808 /* ViewModels */ = {
			isa = PBXGroup;
			children = (
				3BC9D30828F3503B00B59808 /* FileCipherViewModel.swift */,
			);
			path = ViewModels;
			sourceTree = "<group>";
		};
		3BC9D30728F34FBC00B59808 /* Views */ = {
			isa = PBXGroup;
			children = (
				3B60BC2A28E60BB600E5EE6C /* ContentView.swift */,
			);
			path = Views;
			sourceTree = "<group>";
		};
/* End PBXGroup section */

/* Begin PBXNativeTarget section */
		3B60BC2428E60BB600E5EE6C /* File Encryptor */ = {
			isa = PBXNativeTarget;
			buildConfigurationList = 3B60BC3428E60BB800E5EE6C /* Build configuration list for PBXNativeTarget "File Encryptor" */;
			buildPhases = (
				3B60BC2128E60BB600E5EE6C /* Sources */,
				3B60BC2228E60BB600E5EE6C /* Frameworks */,
				3B60BC2328E60BB600E5EE6C /* Resources */,
			);
			buildRules = (
			);
			dependencies = (
			);
			name = "File Encryptor";
			productName = "File Encryptor";
			productReference = 3B60BC2528E60BB600E5EE6C /* File Encryptor.app */;
			productType = "com.apple.product-type.application";
		};
/* End PBXNativeTarget section */

/* Begin PBXProject section */
		3B60BC1D28E60BB600E5EE6C /* Project object */ = {
			isa = PBXProject;
			attributes = {
				BuildIndependentTargetsInParallel = 1;
				LastSwiftUpdateCheck = 1400;
				LastUpgradeCheck = 1400;
				TargetAttributes = {
					3B60BC2428E60BB600E5EE6C = {
						CreatedOnToolsVersion = 14.0.1;
					};
				};
			};
			buildConfigurationList = 3B60BC2028E60BB600E5EE6C /* Build configuration list for PBXProject "File Encryptor" */;
			compatibilityVersion = "Xcode 14.0";
			developmentRegion = en;
			hasScannedForEncodings = 0;
			knownRegions = (
				en,
				Base,
			);
			mainGroup = 3B60BC1C28E60BB600E5EE6C;
			productRefGroup = 3B60BC2628E60BB600E5EE6C /* Products */;
			projectDirPath = "";
			projectRoot = "";
			targets = (
				3B60BC2428E60BB600E5EE6C /* File Encryptor */,
			);
		};
/* End PBXProject section */

/* Begin PBXResourcesBuildPhase section */
		3B60BC2328E60BB600E5EE6C /* Resources */ = {
			isa = PBXResourcesBuildPhase;
			buildActionMask = 2147483647;
			files = (
				3B60BC3028E60BB800E5EE6C /* Preview Assets.xcassets in Resources */,
				3B60BC2D28E60BB800E5EE6C /* Assets.xcassets in Resources */,
			);
			runOnlyForDeploymentPostprocessing = 0;
		};
/* End PBXResourcesBuildPhase section */

/* Begin PBXSourcesBuildPhase section */
		3B60BC2128E60BB600E5EE6C /* Sources */ = {
			isa = PBXSourcesBuildPhase;
			buildActionMask = 2147483647;
			files = (
				3B60BC2B28E60BB600E5EE6C /* ContentView.swift in Sources */,
				3B60BC2928E60BB600E5EE6C /* File_EncryptorApp.swift in Sources */,
				3BC9D30B28F350C600B59808 /* Cipher.swift in Sources */,
				3BC9D30528F3465800B59808 /* KeyManager.swift in Sources */,
				3BC9D30928F3503B00B59808 /* FileCipherViewModel.swift in Sources */,
			);
			runOnlyForDeploymentPostprocessing = 0;
		};
/* End PBXSourcesBuildPhase section */

/* Begin XCBuildConfiguration section */
		3B60BC3228E60BB800E5EE6C /* Debug */ = {
			isa = XCBuildConfiguration;
			buildSettings = {
				ALWAYS_SEARCH_USER_PATHS = NO;
				CLANG_ANALYZER_NONNULL = YES;
				CLANG_ANALYZER_NUMBER_OBJECT_CONVERSION = YES_AGGRESSIVE;
				CLANG_CXX_LANGUAGE_STANDARD = "gnu++20";
				CLANG_ENABLE_MODULES = YES;
				CLANG_ENABLE_OBJC_ARC = YES;
				CLANG_ENABLE_OBJC_WEAK = YES;
				CLANG_WARN_BLOCK_CAPTURE_AUTORELEASING = YES;
				CLANG_WARN_BOOL_CONVERSION = YES;
				CLANG_WARN_COMMA = YES;
				CLANG_WARN_CONSTANT_CONVERSION = YES;
				CLANG_WARN_DEPRECATED_OBJC_IMPLEMENTATIONS = YES;
				CLANG_WARN_DIRECT_OBJC_ISA_USAGE = YES_ERROR;
				CLANG_WARN_DOCUMENTATION_COMMENTS = YES;
				CLANG_WARN_EMPTY_BODY = YES;
				CLANG_WARN_ENUM_CONVERSION = YES;
				CLANG_WARN_INFINITE_RECURSION = YES;
				CLANG_WARN_INT_CONVERSION = YES;
				CLANG_WARN_NON_LITERAL_NULL_CONVERSION = YES;
				CLANG_WARN_OBJC_IMPLICIT_RETAIN_SELF = YES;
				CLANG_WARN_OBJC_LITERAL_CONVERSION = YES;
				CLANG_WARN_OBJC_ROOT_CLASS = YES_ERROR;
				CLANG_WARN_QUOTED_INCLUDE_IN_FRAMEWORK_HEADER = YES;
				CLANG_WARN_RANGE_LOOP_ANALYSIS = YES;
				CLANG_WARN_STRICT_PROTOTYPES = YES;
				CLANG_WARN_SUSPICIOUS_MOVE = YES;
				CLANG_WARN_UNGUARDED_AVAILABILITY = YES_AGGRESSIVE;
				CLANG_WARN_UNREACHABLE_CODE = YES;
				CLANG_WARN__DUPLICATE_METHOD_MATCH = YES;
				COPY_PHASE_STRIP = NO;
				DEBUG_INFORMATION_FORMAT = dwarf;
				ENABLE_STRICT_OBJC_MSGSEND = YES;
				ENABLE_TESTABILITY = YES;
				GCC_C_LANGUAGE_STANDARD = gnu11;
				GCC_DYNAMIC_NO_PIC = NO;
				GCC_NO_COMMON_BLOCKS = YES;
				GCC_OPTIMIZATION_LEVEL = 0;
				GCC_PREPROCESSOR_DEFINITIONS = (
					"DEBUG=1",
					"$(inherited)",
				);
				GCC_WARN_64_TO_32_BIT_CONVERSION = YES;
				GCC_WARN_ABOUT_RETURN_TYPE = YES_ERROR;
				GCC_WARN_UNDECLARED_SELECTOR = YES;
				GCC_WARN_UNINITIALIZED_AUTOS = YES_AGGRESSIVE;
				GCC_WARN_UNUSED_FUNCTION = YES;
				GCC_WARN_UNUSED_VARIABLE = YES;
				MACOSX_DEPLOYMENT_TARGET = 12.3;
				MTL_ENABLE_DEBUG_INFO = INCLUDE_SOURCE;
				MTL_FAST_MATH = YES;
				ONLY_ACTIVE_ARCH = YES;
				SDKROOT = macosx;
				SWIFT_ACTIVE_COMPILATION_CONDITIONS = DEBUG;
				SWIFT_OPTIMIZATION_LEVEL = "-Onone";
			};
			name = Debug;
		};
		3B60BC3328E60BB800E5EE6C /* Release */ = {
			isa = XCBuildConfiguration;
			buildSettings = {
				ALWAYS_SEARCH_USER_PATHS = NO;
				CLANG_ANALYZER_NONNULL = YES;
				CLANG_ANALYZER_NUMBER_OBJECT_CONVERSION = YES_AGGRESSIVE;
				CLANG_CXX_LANGUAGE_STANDARD = "gnu++20";
				CLANG_ENABLE_MODULES = YES;
				CLANG_ENABLE_OBJC_ARC = YES;
				CLANG_ENABLE_OBJC_WEAK = YES;
				CLANG_WARN_BLOCK_CAPTURE_AUTORELEASING = YES;
				CLANG_WARN_BOOL_CONVERSION = YES;
				CLANG_WARN_COMMA = YES;
				CLANG_WARN_CONSTANT_CONVERSION = YES;
				CLANG_WARN_DEPRECATED_OBJC_IMPLEMENTATIONS = YES;
				CLANG_WARN_DIRECT_OBJC_ISA_USAGE = YES_ERROR;
				CLANG_WARN_DOCUMENTATION_COMMENTS = YES;
				CLANG_WARN_EMPTY_BODY = YES;
				CLANG_WARN_ENUM_CONVERSION = YES;
				CLANG_WARN_INFINITE_RECURSION = YES;
				CLANG_WARN_INT_CONVERSION = YES;
				CLANG_WARN_NON_LITERAL_NULL_CONVERSION = YES;
				CLANG_WARN_OBJC_IMPLICIT_RETAIN_SELF = YES;
				CLANG_WARN_OBJC_LITERAL_CONVERSION = YES;
				CLANG_WARN_OBJC_ROOT_CLASS = YES_ERROR;
				CLANG_WARN_QUOTED_INCLUDE_IN_FRAMEWORK_HEADER = YES;
				CLANG_WARN_RANGE_LOOP_ANALYSIS = YES;
				CLANG_WARN_STRICT_PROTOTYPES = YES;
				CLANG_WARN_SUSPICIOUS_MOVE = YES;
				CLANG_WARN_UNGUARDED_AVAILABILITY = YES_AGGRESSIVE;
				CLANG_WARN_UNREACHABLE_CODE = YES;
				CLANG_WARN__DUPLICATE_METHOD_MATCH = YES;
				COPY_PHASE_STRIP = NO;
				DEBUG_INFORMATION_FORMAT = "dwarf-with-dsym";
				ENABLE_NS_ASSERTIONS = NO;
				ENABLE_STRICT_OBJC_MSGSEND = YES;
				GCC_C_LANGUAGE_STANDARD = gnu11;
				GCC_NO_COMMON_BLOCKS = YES;
				GCC_WARN_64_TO_32_BIT_CONVERSION = YES;
				GCC_WARN_ABOUT_RETURN_TYPE = YES_ERROR;
				GCC_WARN_UNDECLARED_SELECTOR = YES;
				GCC_WARN_UNINITIALIZED_AUTOS = YES_AGGRESSIVE;
				GCC_WARN_UNUSED_FUNCTION = YES;
				GCC_WARN_UNUSED_VARIABLE = YES;
				MACOSX_DEPLOYMENT_TARGET = 12.3;
				MTL_ENABLE_DEBUG_INFO = NO;
				MTL_FAST_MATH = YES;
				SDKROOT = macosx;
				SWIFT_COMPILATION_MODE = wholemodule;
				SWIFT_OPTIMIZATION_LEVEL = "-O";
			};
			name = Release;
		};
		3B60BC3528E60BB800E5EE6C /* Debug */ = {
			isa = XCBuildConfiguration;
			buildSettings = {
				ASSETCATALOG_COMPILER_APPICON_NAME = AppIcon;
				ASSETCATALOG_COMPILER_GLOBAL_ACCENT_COLOR_NAME = AccentColor;
				CODE_SIGN_ENTITLEMENTS = "File Encryptor/File_Encryptor.entitlements";
				CODE_SIGN_STYLE = Automatic;
				COMBINE_HIDPI_IMAGES = YES;
				CURRENT_PROJECT_VERSION = 1;
				DEVELOPMENT_ASSET_PATHS = "\"File Encryptor/Preview Content\"";
				DEVELOPMENT_TEAM = AU78J6ZQ6B;
				ENABLE_HARDENED_RUNTIME = YES;
				ENABLE_PREVIEWS = YES;
				GENERATE_INFOPLIST_FILE = YES;
				INFOPLIST_KEY_NSHumanReadableCopyright = "";
				LD_RUNPATH_SEARCH_PATHS = (
					"$(inherited)",
					"@executable_path/../Frameworks",
				);
				MARKETING_VERSION = 1.0;
				PRODUCT_BUNDLE_IDENTIFIER = "com.schovanec.jakub.File-Encryptor";
				PRODUCT_NAME = "$(TARGET_NAME)";
				SWIFT_EMIT_LOC_STRINGS = YES;
				SWIFT_VERSION = 5.0;
			};
			name = Debug;
		};
		3B60BC3628E60BB800E5EE6C /* Release */ = {
			isa = XCBuildConfiguration;
			buildSettings = {
				ASSETCATALOG_COMPILER_APPICON_NAME = AppIcon;
				ASSETCATALOG_COMPILER_GLOBAL_ACCENT_COLOR_NAME = AccentColor;
				CODE_SIGN_ENTITLEMENTS = "File Encryptor/File_Encryptor.entitlements";
				CODE_SIGN_STYLE = Automatic;
				COMBINE_HIDPI_IMAGES = YES;
				CURRENT_PROJECT_VERSION = 1;
				DEVELOPMENT_ASSET_PATHS = "\"File Encryptor/Preview Content\"";
				DEVELOPMENT_TEAM = AU78J6ZQ6B;
				ENABLE_HARDENED_RUNTIME = YES;
				ENABLE_PREVIEWS = YES;
				GENERATE_INFOPLIST_FILE = YES;
				INFOPLIST_KEY_NSHumanReadableCopyright = "";
				LD_RUNPATH_SEARCH_PATHS = (
					"$(inherited)",
					"@executable_path/../Frameworks",
				);
				MARKETING_VERSION = 1.0;
				PRODUCT_BUNDLE_IDENTIFIER = "com.schovanec.jakub.File-Encryptor";
				PRODUCT_NAME = "$(TARGET_NAME)";
				SWIFT_EMIT_LOC_STRINGS = YES;
				SWIFT_VERSION = 5.0;
			};
			name = Release;
		};
/* End XCBuildConfiguration section */

/* Begin XCConfigurationList section */
		3B60BC2028E60BB600E5EE6C /* Build configuration list for PBXProject "File Encryptor" */ = {
			isa = XCConfigurationList;
			buildConfigurations = (
				3B60BC3228E60BB800E5EE6C /* Debug */,
				3B60BC3328E60BB800E5EE6C /* Release */,
			);
			defaultConfigurationIsVisible = 0;
			defaultConfigurationName = Release;
		};
		3B60BC3428E60BB800E5EE6C /* Build configuration list for PBXNativeTarget "File Encryptor" */ = {
			isa = XCConfigurationList;
			buildConfigurations = (
				3B60BC3528E60BB800E5EE6C /* Debug */,
				3B60BC3628E60BB800E5EE6C /* Release */,
			);
			defaultConfigurationIsVisible = 0;
			defaultConfigurationName = Release;
		};
/* End XCConfigurationList section */
	};
	rootObject = 3B60BC1D28E60BB600E5EE6C /* Project object */;
}
